
Microsoft Visual Studio Solution File, Format Version 12.00
# Visual Studio 15
VisualStudioVersion = 15.0.28307.902
MinimumVisualStudioVersion = 10.0.40219.1
Project("{151D2E53-A2C4-4D7D-83FE-D05416EBD58E}") = "cloud", "cloud\cloud.deployproj", "{6B50D1BD-41FF-4A60-A11C-EC2700CAD9B7}"
EndProject
Global
	GlobalSection(SolutionConfigurationPlatforms) = preSolution
		Debug|Any CPU = Debug|Any CPU
		Release|Any CPU = Release|Any CPU
	EndGlobalSection
	GlobalSection(ProjectConfigurationPlatforms) = postSolution
		{6B50D1BD-41FF-4A60-A11C-EC2700CAD9B7}.Debug|Any CPU.ActiveCfg = Debug|Any CPU
		{6B50D1BD-41FF-4A60-A11C-EC2700CAD9B7}.Debug|Any CPU.Build.0 = Debug|Any CPU
		{6B50D1BD-41FF-4A60-A11C-EC2700CAD9B7}.Release|Any CPU.ActiveCfg = Release|Any CPU
		{6B50D1BD-41FF-4A60-A11C-EC2700CAD9B7}.Release|Any CPU.Build.0 = Release|Any CPU
	EndGlobalSection
	GlobalSection(SolutionProperties) = preSolution
		HideSolutionNode = FALSE
	EndGlobalSection
	GlobalSection(ExtensibilityGlobals) = postSolution
		SolutionGuid = {484AA81D-4C54-4DA5-895A-C1413FC6346B}
	EndGlobalSection
EndGlobal
